
Microsoft Visual Studio Solution File, Format Version 12.00
# Visual Studio Version 16
VisualStudioVersion = 16.0.29806.167
MinimumVisualStudioVersion = 10.0.40219.1
Project("{FAE04EC0-301F-11D3-BF4B-00C04F79EFBC}") = "MvcMovie", "MvcMovie\MvcMovie.csproj", "{90B2DD2B-FBC2-44C9-BF5C-F6BEBBF7CD3C}"
EndProject
Global
	GlobalSection(SolutionConfigurationPlatforms) = preSolution
		Debug|Any CPU = Debug|Any CPU
		Release|Any CPU = Release|Any CPU
	EndGlobalSection
	GlobalSection(ProjectConfigurationPlatforms) = postSolution
		{90B2DD2B-FBC2-44C9-BF5C-F6BEBBF7CD3C}.Debug|Any CPU.ActiveCfg = Debug|Any CPU
		{90B2DD2B-FBC2-44C9-BF5C-F6BEBBF7CD3C}.Debug|Any CPU.Build.0 = Debug|Any CPU
		{90B2DD2B-FBC2-44C9-BF5C-F6BEBBF7CD3C}.Release|Any CPU.ActiveCfg = Release|Any CPU
		{90B2DD2B-FBC2-44C9-BF5C-F6BEBBF7CD3C}.Release|Any CPU.Build.0 = Release|Any CPU
	EndGlobalSection
	GlobalSection(SolutionProperties) = preSolution
		HideSolutionNode = FALSE
	EndGlobalSection
	GlobalSection(ExtensibilityGlobals) = postSolution
		SolutionGuid = {8E38F9DD-0CF5-4B0B-8ACE-BC6E7CB4C2EC}
	EndGlobalSection
EndGlobal
